
Microsoft Visual Studio Solution File, Format Version 12.00
# Visual Studio Version 17
VisualStudioVersion = 17.7.34221.43
MinimumVisualStudioVersion = 10.0.40219.1
Project("{FAE04EC0-301F-11D3-BF4B-00C04F79EFBC}") = "ejercicio_formulario", "ejercicio_formulario\ejercicio_formulario.csproj", "{0164F303-CA48-4CB2-B163-C0925C81646E}"
EndProject
Global
	GlobalSection(SolutionConfigurationPlatforms) = preSolution
		Debug|Any CPU = Debug|Any CPU
		Release|Any CPU = Release|Any CPU
	EndGlobalSection
	GlobalSection(ProjectConfigurationPlatforms) = postSolution
		{0164F303-CA48-4CB2-B163-C0925C81646E}.Debug|Any CPU.ActiveCfg = Debug|Any CPU
		{0164F303-CA48-4CB2-B163-C0925C81646E}.Debug|Any CPU.Build.0 = Debug|Any CPU
		{0164F303-CA48-4CB2-B163-C0925C81646E}.Release|Any CPU.ActiveCfg = Release|Any CPU
		{0164F303-CA48-4CB2-B163-C0925C81646E}.Release|Any CPU.Build.0 = Release|Any CPU
	EndGlobalSection
	GlobalSection(SolutionProperties) = preSolution
		HideSolutionNode = FALSE
	EndGlobalSection
	GlobalSection(ExtensibilityGlobals) = postSolution
		SolutionGuid = {B1E14400-EB44-4002-8AF7-FEC3C2771F70}
	EndGlobalSection
EndGlobal
